<?xml version="1.0" encoding="utf-8"?>
<Project ToolsVersion="4.0" xmlns="http://schemas.microsoft.com/developer/msbuild/2003">
  <ItemGroup>
    <Filter Include="源文件">
      <UniqueIdentifier>{4FC737F1-C7A5-4376-A066-2A32D752A2FF}</UniqueIdentifier>
      <Extensions>cpp;c;cc;cxx;c++;cppm;ixx;def;odl;idl;hpj;bat;asm;asmx</Extensions>
    </Filter>
    <Filter Include="头文件">
      <UniqueIdentifier>{93995380-89BD-4b04-88EB-625FBE52EBFB}</UniqueIdentifier>
      <Extensions>h;hh;hpp;hxx;h++;hm;inl;inc;ipp;xsd</Extensions>
    </Filter>
    <Filter Include="资源文件">
      <UniqueIdentifier>{67DA6AB6-F800-4c08-8B7A-83BB121AAD01}</UniqueIdentifier>
      <Extensions>rc;ico;cur;bmp;dlg;rc2;rct;bin;rgs;gif;jpg;jpeg;jpe;resx;tiff;tif;png;wav;mfcribbon-ms</Extensions>
    </Filter>
    <Filter Include="源文件\Tool">
      <UniqueIdentifier>{932d76f5-0a51-435e-a6d6-8a412da8c651}</UniqueIdentifier>
    </Filter>
    <Filter Include="头文件\Tool">
      <UniqueIdentifier>{99f6fdff-ca09-42e6-969f-266ebea985f7}</UniqueIdentifier>
    </Filter>
    <Filter Include="源文件\Component">
      <UniqueIdentifier>{bba72775-46e1-4166-822d-8849561d00d4}</UniqueIdentifier>
    </Filter>
    <Filter Include="头文件\Component">
      <UniqueIdentifier>{2cc4ba6f-3fa2-4b4f-b69d-12f582b05148}</UniqueIdentifier>
    </Filter>
    <Filter Include="源文件\Event">
      <UniqueIdentifier>{ddbb61e2-6839-4e12-9477-be292187c43b}</UniqueIdentifier>
    </Filter>
    <Filter Include="头文件\Event">
      <UniqueIdentifier>{67e872d6-0f01-484b-8f80-caa7197693cb}</UniqueIdentifier>
    </Filter>
    <Filter Include="头文件\GameObjects">
      <UniqueIdentifier>{b3f54329-cfa7-49f7-8f78-e0782e68cdc3}</UniqueIdentifier>
    </Filter>
    <Filter Include="源文件\GameObjects">
      <UniqueIdentifier>{163c6627-64e3-4a91-9796-1128b1a440b7}</UniqueIdentifier>
    </Filter>
    <Filter Include="资源文件\Shader">
      <UniqueIdentifier>{2887c9ca-0c86-4dd5-8dee-080fa49dfc20}</UniqueIdentifier>
    </Filter>
    <Filter Include="头文件\struct">
      <UniqueIdentifier>{7a28f4a7-866d-416a-842b-14119f2c9b15}</UniqueIdentifier>
    </Filter>
    <Filter Include="源文件\struct">
      <UniqueIdentifier>{d65bcbeb-8ce2-4f62-9eb0-895093dee77f}</UniqueIdentifier>
    </Filter>
    <Filter Include="头文件\Mesh">
      <UniqueIdentifier>{84af4b37-d88b-44bf-8b0b-929ad07133d3}</UniqueIdentifier>
    </Filter>
    <Filter Include="源文件\Mesh">
      <UniqueIdentifier>{4bab91fa-ede1-4fe3-88a2-3468b1cf79e6}</UniqueIdentifier>
    </Filter>
  </ItemGroup>
  <ItemGroup>
    <ClInclude Include="resource.h">
      <Filter>头文件</Filter>
    </ClInclude>
    <ClInclude Include="main.h">
      <Filter>头文件</Filter>
    </ClInclude>
    <ClInclude Include="Window.h">
      <Filter>头文件</Filter>
    </ClInclude>
    <ClInclude Include="Shader.h">
      <Filter>头文件</Filter>
    </ClInclude>
    <ClInclude Include="Texture.h">
      <Filter>头文件</Filter>
    </ClInclude>
    <ClInclude Include="ResourceManager.h">
      <Filter>头文件</Filter>
    </ClInclude>
    <ClInclude Include="Time.h">
      <Filter>头文件</Filter>
    </ClInclude>
    <ClInclude Include="GUID.h">
      <Filter>头文件\Tool</Filter>
    </ClInclude>
    <ClInclude Include="Scene.h">
      <Filter>头文件</Filter>
    </ClInclude>
    <ClInclude Include="Camera.h">
      <Filter>头文件</Filter>
    </ClInclude>
    <ClInclude Include="Transform.h">
      <Filter>头文件</Filter>
    </ClInclude>
    <ClInclude Include="Component.h">
      <Filter>头文件\Component</Filter>
    </ClInclude>
    <ClInclude Include="CameraComponent.h">
      <Filter>头文件\Component</Filter>
    </ClInclude>
    <ClInclude Include="EventCenter.h">
      <Filter>头文件\Event</Filter>
    </ClInclude>
    <ClInclude Include="Input.h">
      <Filter>头文件</Filter>
    </ClInclude>
    <ClInclude Include="GameObject.h">
      <Filter>头文件\GameObjects</Filter>
    </ClInclude>
    <ClInclude Include="CubeMeshComponent.h">
      <Filter>头文件\Component</Filter>
    </ClInclude>
    <ClInclude Include="MoveComponent.h">
      <Filter>头文件\Component</Filter>
    </ClInclude>
    <ClInclude Include="Mesh.h">
      <Filter>头文件\Mesh</Filter>
    </ClInclude>
    <ClInclude Include="ModelComponent.h">
      <Filter>头文件\Component</Filter>
    </ClInclude>
  </ItemGroup>
  <ItemGroup>
    <ResourceCompile Include="OpenGLCsGame.rc">
      <Filter>资源文件</Filter>
    </ResourceCompile>
  </ItemGroup>
  <ItemGroup>
    <ClCompile Include="main.cpp">
      <Filter>源文件</Filter>
    </ClCompile>
    <ClCompile Include="Window.cpp">
      <Filter>源文件</Filter>
    </ClCompile>
    <ClCompile Include="C:\OpenGL\OPGL\glad\src\glad.c">
      <Filter>源文件</Filter>
    </ClCompile>
    <ClCompile Include="Shader.cpp">
      <Filter>源文件</Filter>
    </ClCompile>
    <ClCompile Include="stb_image.cpp">
      <Filter>源文件</Filter>
    </ClCompile>
    <ClCompile Include="Texture.cpp">
      <Filter>源文件</Filter>
    </ClCompile>
    <ClCompile Include="ResourceManager.cpp">
      <Filter>源文件</Filter>
    </ClCompile>
    <ClCompile Include="Time.cpp">
      <Filter>源文件</Filter>
    </ClCompile>
    <ClCompile Include="GUID.cpp">
      <Filter>源文件\Tool</Filter>
    </ClCompile>
    <ClCompile Include="Scene.cpp">
      <Filter>源文件</Filter>
    </ClCompile>
    <ClCompile Include="Camera.cpp">
      <Filter>源文件</Filter>
    </ClCompile>
    <ClCompile Include="Transform.cpp">
      <Filter>源文件</Filter>
    </ClCompile>
    <ClCompile Include="Component.cpp">
      <Filter>源文件\Component</Filter>
    </ClCompile>
    <ClCompile Include="CameraComponent.cpp">
      <Filter>源文件\Component</Filter>
    </ClCompile>
    <ClCompile Include="EventCenter.cpp">
      <Filter>源文件\Event</Filter>
    </ClCompile>
    <ClCompile Include="Input.cpp">
      <Filter>源文件</Filter>
    </ClCompile>
    <ClCompile Include="GameObject.cpp">
      <Filter>源文件\GameObjects</Filter>
    </ClCompile>
    <ClCompile Include="CubeMeshComponent.cpp">
      <Filter>源文件\Component</Filter>
    </ClCompile>
    <ClCompile Include="MoveComponent.cpp">
      <Filter>源文件\Component</Filter>
    </ClCompile>
    <ClCompile Include="Mesh.cpp">
      <Filter>源文件\Mesh</Filter>
    </ClCompile>
    <ClCompile Include="ModelComponent.cpp">
      <Filter>源文件\Component</Filter>
    </ClCompile>
  </ItemGroup>
  <ItemGroup>
    <None Include="Shader\cube_fs.fs">
      <Filter>资源文件</Filter>
    </None>
    <None Include="Shader\cube_vs.vs">
      <Filter>资源文件</Filter>
    </None>
    <None Include="Shader\model.fs">
      <Filter>资源文件</Filter>
    </None>
    <None Include="Shader\model.vs">
      <Filter>资源文件</Filter>
    </None>
    <None Include="Shader\specularShadow.fs">
      <Filter>资源文件</Filter>
    </None>
    <None Include="Shader\specularShadow.vs">
      <Filter>资源文件</Filter>
    </None>
  </ItemGroup>
</Project>